
Microsoft Visual Studio Solution File, Format Version 12.00
# Visual Studio Version 17
VisualStudioVersion = 17.5.33516.290
MinimumVisualStudioVersion = 10.0.40219.1
Project("{FAE04EC0-301F-11D3-BF4B-00C04F79EFBC}") = "APIs.Security", "APIs.Security\APIs.Security.csproj", "{5AF48239-62BA-40CB-AA8B-A62B66AB390A}"
EndProject
Global
	GlobalSection(SolutionConfigurationPlatforms) = preSolution
		Debug|Any CPU = Debug|Any CPU
		Release|Any CPU = Release|Any CPU
	EndGlobalSection
	GlobalSection(ProjectConfigurationPlatforms) = postSolution
		{5AF48239-62BA-40CB-AA8B-A62B66AB390A}.Debug|Any CPU.ActiveCfg = Debug|Any CPU
		{5AF48239-62BA-40CB-AA8B-A62B66AB390A}.Debug|Any CPU.Build.0 = Debug|Any CPU
		{5AF48239-62BA-40CB-AA8B-A62B66AB390A}.Release|Any CPU.ActiveCfg = Release|Any CPU
		{5AF48239-62BA-40CB-AA8B-A62B66AB390A}.Release|Any CPU.Build.0 = Release|Any CPU
	EndGlobalSection
	GlobalSection(SolutionProperties) = preSolution
		HideSolutionNode = FALSE
	EndGlobalSection
	GlobalSection(ExtensibilityGlobals) = postSolution
		SolutionGuid = {6D1C91AD-3B6C-4EEC-AD9E-BC24210EDFF4}
	EndGlobalSection
EndGlobal
